
Microsoft Visual Studio Solution File, Format Version 11.00
# Visual Studio 2010
Project("{FAE04EC0-301F-11D3-BF4B-00C04F79EFBC}") = "Quartz.Net.Demo", "Quartz.Net.Demo\Quartz.Net.Demo.csproj", "{7A0E391F-8FFB-4B0A-B684-1A0FB8D69306}"
EndProject
Project("{FAE04EC0-301F-11D3-BF4B-00C04F79EFBC}") = "Quartz.Net.Service", "Quartz.Net.Service\Quartz.Net.Service.csproj", "{95D9E5D7-EA62-4EDC-9BAD-B5A84FDD6539}"
EndProject
Global
	GlobalSection(SolutionConfigurationPlatforms) = preSolution
		Debug|Any CPU = Debug|Any CPU
		Debug|Mixed Platforms = Debug|Mixed Platforms
		Debug|x86 = Debug|x86
		Release|Any CPU = Release|Any CPU
		Release|Mixed Platforms = Release|Mixed Platforms
		Release|x86 = Release|x86
	EndGlobalSection
	GlobalSection(ProjectConfigurationPlatforms) = postSolution
		{7A0E391F-8FFB-4B0A-B684-1A0FB8D69306}.Debug|Any CPU.ActiveCfg = Debug|Any CPU
		{7A0E391F-8FFB-4B0A-B684-1A0FB8D69306}.Debug|Any CPU.Build.0 = Debug|Any CPU
		{7A0E391F-8FFB-4B0A-B684-1A0FB8D69306}.Debug|Mixed Platforms.ActiveCfg = Debug|Any CPU
		{7A0E391F-8FFB-4B0A-B684-1A0FB8D69306}.Debug|Mixed Platforms.Build.0 = Debug|Any CPU
		{7A0E391F-8FFB-4B0A-B684-1A0FB8D69306}.Debug|x86.ActiveCfg = Debug|Any CPU
		{7A0E391F-8FFB-4B0A-B684-1A0FB8D69306}.Release|Any CPU.ActiveCfg = Release|Any CPU
		{7A0E391F-8FFB-4B0A-B684-1A0FB8D69306}.Release|Any CPU.Build.0 = Release|Any CPU
		{7A0E391F-8FFB-4B0A-B684-1A0FB8D69306}.Release|Mixed Platforms.ActiveCfg = Release|Any CPU
		{7A0E391F-8FFB-4B0A-B684-1A0FB8D69306}.Release|Mixed Platforms.Build.0 = Release|Any CPU
		{7A0E391F-8FFB-4B0A-B684-1A0FB8D69306}.Release|x86.ActiveCfg = Release|Any CPU
		{95D9E5D7-EA62-4EDC-9BAD-B5A84FDD6539}.Debug|Any CPU.ActiveCfg = Debug|x86
		{95D9E5D7-EA62-4EDC-9BAD-B5A84FDD6539}.Debug|Mixed Platforms.ActiveCfg = Debug|x86
		{95D9E5D7-EA62-4EDC-9BAD-B5A84FDD6539}.Debug|Mixed Platforms.Build.0 = Debug|x86
		{95D9E5D7-EA62-4EDC-9BAD-B5A84FDD6539}.Debug|x86.ActiveCfg = Debug|x86
		{95D9E5D7-EA62-4EDC-9BAD-B5A84FDD6539}.Debug|x86.Build.0 = Debug|x86
		{95D9E5D7-EA62-4EDC-9BAD-B5A84FDD6539}.Release|Any CPU.ActiveCfg = Release|x86
		{95D9E5D7-EA62-4EDC-9BAD-B5A84FDD6539}.Release|Mixed Platforms.ActiveCfg = Release|x86
		{95D9E5D7-EA62-4EDC-9BAD-B5A84FDD6539}.Release|Mixed Platforms.Build.0 = Release|x86
		{95D9E5D7-EA62-4EDC-9BAD-B5A84FDD6539}.Release|x86.ActiveCfg = Release|x86
		{95D9E5D7-EA62-4EDC-9BAD-B5A84FDD6539}.Release|x86.Build.0 = Release|x86
	EndGlobalSection
	GlobalSection(SolutionProperties) = preSolution
		HideSolutionNode = FALSE
	EndGlobalSection
EndGlobal
